
Microsoft Visual Studio Solution File, Format Version 12.00
# Visual Studio Version 16
VisualStudioVersion = 16.0.31424.327
MinimumVisualStudioVersion = 10.0.40219.1
Project("{8BC9CEB8-8B4A-11D0-8D11-00A0C91BC942}") = "Print_Count_Of_SmallCapital_Letters_Space_Digit", "Print_Count_Of_SmallCapital_Letters_Space_Digit\Print_Count_Of_SmallCapital_Letters_Space_Digit.vcxproj", "{52506387-2991-4C3C-9233-6B6B77535A6D}"
EndProject
Global
	GlobalSection(SolutionConfigurationPlatforms) = preSolution
		Debug|x64 = Debug|x64
		Debug|x86 = Debug|x86
		Release|x64 = Release|x64
		Release|x86 = Release|x86
	EndGlobalSection
	GlobalSection(ProjectConfigurationPlatforms) = postSolution
		{52506387-2991-4C3C-9233-6B6B77535A6D}.Debug|x64.ActiveCfg = Debug|x64
		{52506387-2991-4C3C-9233-6B6B77535A6D}.Debug|x64.Build.0 = Debug|x64
		{52506387-2991-4C3C-9233-6B6B77535A6D}.Debug|x86.ActiveCfg = Debug|Win32
		{52506387-2991-4C3C-9233-6B6B77535A6D}.Debug|x86.Build.0 = Debug|Win32
		{52506387-2991-4C3C-9233-6B6B77535A6D}.Release|x64.ActiveCfg = Release|x64
		{52506387-2991-4C3C-9233-6B6B77535A6D}.Release|x64.Build.0 = Release|x64
		{52506387-2991-4C3C-9233-6B6B77535A6D}.Release|x86.ActiveCfg = Release|Win32
		{52506387-2991-4C3C-9233-6B6B77535A6D}.Release|x86.Build.0 = Release|Win32
	EndGlobalSection
	GlobalSection(SolutionProperties) = preSolution
		HideSolutionNode = FALSE
	EndGlobalSection
	GlobalSection(ExtensibilityGlobals) = postSolution
		SolutionGuid = {DF9A6481-84C4-4151-AF91-5EBD449B6E1E}
	EndGlobalSection
EndGlobal
