
Microsoft Visual Studio Solution File, Format Version 12.00
# Visual Studio Version 16
VisualStudioVersion = 16.0.31112.23
MinimumVisualStudioVersion = 10.0.40219.1
Project("{8BC9CEB8-8B4A-11D0-8D11-00A0C91BC942}") = "Print_Alternate_Elements_Of_An_Array", "Print_Alternate_Elements_Of_An_Array\Print_Alternate_Elements_Of_An_Array.vcxproj", "{25116D26-1D5C-467A-BCEA-DB63F86312BF}"
EndProject
Global
	GlobalSection(SolutionConfigurationPlatforms) = preSolution
		Debug|x64 = Debug|x64
		Debug|x86 = Debug|x86
		Release|x64 = Release|x64
		Release|x86 = Release|x86
	EndGlobalSection
	GlobalSection(ProjectConfigurationPlatforms) = postSolution
		{25116D26-1D5C-467A-BCEA-DB63F86312BF}.Debug|x64.ActiveCfg = Debug|x64
		{25116D26-1D5C-467A-BCEA-DB63F86312BF}.Debug|x64.Build.0 = Debug|x64
		{25116D26-1D5C-467A-BCEA-DB63F86312BF}.Debug|x86.ActiveCfg = Debug|Win32
		{25116D26-1D5C-467A-BCEA-DB63F86312BF}.Debug|x86.Build.0 = Debug|Win32
		{25116D26-1D5C-467A-BCEA-DB63F86312BF}.Release|x64.ActiveCfg = Release|x64
		{25116D26-1D5C-467A-BCEA-DB63F86312BF}.Release|x64.Build.0 = Release|x64
		{25116D26-1D5C-467A-BCEA-DB63F86312BF}.Release|x86.ActiveCfg = Release|Win32
		{25116D26-1D5C-467A-BCEA-DB63F86312BF}.Release|x86.Build.0 = Release|Win32
	EndGlobalSection
	GlobalSection(SolutionProperties) = preSolution
		HideSolutionNode = FALSE
	EndGlobalSection
	GlobalSection(ExtensibilityGlobals) = postSolution
		SolutionGuid = {D22BE1A4-4EFC-4C3F-A250-2EC318AF3235}
	EndGlobalSection
EndGlobal
