
Microsoft Visual Studio Solution File, Format Version 12.00
# Visual Studio Version 16
VisualStudioVersion = 16.0.31112.23
MinimumVisualStudioVersion = 10.0.40219.1
Project("{8BC9CEB8-8B4A-11D0-8D11-00A0C91BC942}") = "Check_X_Appears_More_Than_Nby2_Times_Or_Not", "Check_X_Appears_More_Than_Nby2_Times_Or_Not\Check_X_Appears_More_Than_Nby2_Times_Or_Not.vcxproj", "{B3075F84-D976-4F4F-B212-196825E1E276}"
EndProject
Global
	GlobalSection(SolutionConfigurationPlatforms) = preSolution
		Debug|x64 = Debug|x64
		Debug|x86 = Debug|x86
		Release|x64 = Release|x64
		Release|x86 = Release|x86
	EndGlobalSection
	GlobalSection(ProjectConfigurationPlatforms) = postSolution
		{B3075F84-D976-4F4F-B212-196825E1E276}.Debug|x64.ActiveCfg = Debug|x64
		{B3075F84-D976-4F4F-B212-196825E1E276}.Debug|x64.Build.0 = Debug|x64
		{B3075F84-D976-4F4F-B212-196825E1E276}.Debug|x86.ActiveCfg = Debug|Win32
		{B3075F84-D976-4F4F-B212-196825E1E276}.Debug|x86.Build.0 = Debug|Win32
		{B3075F84-D976-4F4F-B212-196825E1E276}.Release|x64.ActiveCfg = Release|x64
		{B3075F84-D976-4F4F-B212-196825E1E276}.Release|x64.Build.0 = Release|x64
		{B3075F84-D976-4F4F-B212-196825E1E276}.Release|x86.ActiveCfg = Release|Win32
		{B3075F84-D976-4F4F-B212-196825E1E276}.Release|x86.Build.0 = Release|Win32
	EndGlobalSection
	GlobalSection(SolutionProperties) = preSolution
		HideSolutionNode = FALSE
	EndGlobalSection
	GlobalSection(ExtensibilityGlobals) = postSolution
		SolutionGuid = {F4DBD83A-0009-4666-A6DB-2A5EDE25F74B}
	EndGlobalSection
EndGlobal
