
Microsoft Visual Studio Solution File, Format Version 12.00
# Visual Studio Version 16
VisualStudioVersion = 16.0.31112.23
MinimumVisualStudioVersion = 10.0.40219.1
Project("{8BC9CEB8-8B4A-11D0-8D11-00A0C91BC942}") = "Print_All_Unique_Elements_Of_An_Array", "Print_All_Unique_Elements_Of_An_Array\Print_All_Unique_Elements_Of_An_Array.vcxproj", "{AAF6951D-DD4B-4785-A07C-8A8CA422C672}"
EndProject
Global
	GlobalSection(SolutionConfigurationPlatforms) = preSolution
		Debug|x64 = Debug|x64
		Debug|x86 = Debug|x86
		Release|x64 = Release|x64
		Release|x86 = Release|x86
	EndGlobalSection
	GlobalSection(ProjectConfigurationPlatforms) = postSolution
		{AAF6951D-DD4B-4785-A07C-8A8CA422C672}.Debug|x64.ActiveCfg = Debug|x64
		{AAF6951D-DD4B-4785-A07C-8A8CA422C672}.Debug|x64.Build.0 = Debug|x64
		{AAF6951D-DD4B-4785-A07C-8A8CA422C672}.Debug|x86.ActiveCfg = Debug|Win32
		{AAF6951D-DD4B-4785-A07C-8A8CA422C672}.Debug|x86.Build.0 = Debug|Win32
		{AAF6951D-DD4B-4785-A07C-8A8CA422C672}.Release|x64.ActiveCfg = Release|x64
		{AAF6951D-DD4B-4785-A07C-8A8CA422C672}.Release|x64.Build.0 = Release|x64
		{AAF6951D-DD4B-4785-A07C-8A8CA422C672}.Release|x86.ActiveCfg = Release|Win32
		{AAF6951D-DD4B-4785-A07C-8A8CA422C672}.Release|x86.Build.0 = Release|Win32
	EndGlobalSection
	GlobalSection(SolutionProperties) = preSolution
		HideSolutionNode = FALSE
	EndGlobalSection
	GlobalSection(ExtensibilityGlobals) = postSolution
		SolutionGuid = {44FA5F93-124C-465A-9DF4-C25FC1870FD1}
	EndGlobalSection
EndGlobal
