
Microsoft Visual Studio Solution File, Format Version 12.00
# Visual Studio Version 16
VisualStudioVersion = 16.0.31112.23
MinimumVisualStudioVersion = 10.0.40219.1
Project("{8BC9CEB8-8B4A-11D0-8D11-00A0C91BC942}") = "Search_Element_In_1_D_Array_Using_Binary_Search", "Search_Element_In_1_D_Array_Using_Binary_Search\Search_Element_In_1_D_Array_Using_Binary_Search.vcxproj", "{2675A77B-FB1C-4CFF-A4EF-24C6E4FA359A}"
EndProject
Global
	GlobalSection(SolutionConfigurationPlatforms) = preSolution
		Debug|x64 = Debug|x64
		Debug|x86 = Debug|x86
		Release|x64 = Release|x64
		Release|x86 = Release|x86
	EndGlobalSection
	GlobalSection(ProjectConfigurationPlatforms) = postSolution
		{2675A77B-FB1C-4CFF-A4EF-24C6E4FA359A}.Debug|x64.ActiveCfg = Debug|x64
		{2675A77B-FB1C-4CFF-A4EF-24C6E4FA359A}.Debug|x64.Build.0 = Debug|x64
		{2675A77B-FB1C-4CFF-A4EF-24C6E4FA359A}.Debug|x86.ActiveCfg = Debug|Win32
		{2675A77B-FB1C-4CFF-A4EF-24C6E4FA359A}.Debug|x86.Build.0 = Debug|Win32
		{2675A77B-FB1C-4CFF-A4EF-24C6E4FA359A}.Release|x64.ActiveCfg = Release|x64
		{2675A77B-FB1C-4CFF-A4EF-24C6E4FA359A}.Release|x64.Build.0 = Release|x64
		{2675A77B-FB1C-4CFF-A4EF-24C6E4FA359A}.Release|x86.ActiveCfg = Release|Win32
		{2675A77B-FB1C-4CFF-A4EF-24C6E4FA359A}.Release|x86.Build.0 = Release|Win32
	EndGlobalSection
	GlobalSection(SolutionProperties) = preSolution
		HideSolutionNode = FALSE
	EndGlobalSection
	GlobalSection(ExtensibilityGlobals) = postSolution
		SolutionGuid = {0C4361F5-2398-4DF5-9C98-409A47751634}
	EndGlobalSection
EndGlobal
