
Microsoft Visual Studio Solution File, Format Version 12.00
# Visual Studio Version 16
VisualStudioVersion = 16.0.31112.23
MinimumVisualStudioVersion = 10.0.40219.1
Project("{8BC9CEB8-8B4A-11D0-8D11-00A0C91BC942}") = "Sort_Array_First_Half_Ascending_Second_Descending", "Sort_Array_First_Half_Ascending_Second_Descending\Sort_Array_First_Half_Ascending_Second_Descending.vcxproj", "{BBE0D16C-B0F9-4FCA-B473-7C343F601641}"
EndProject
Global
	GlobalSection(SolutionConfigurationPlatforms) = preSolution
		Debug|x64 = Debug|x64
		Debug|x86 = Debug|x86
		Release|x64 = Release|x64
		Release|x86 = Release|x86
	EndGlobalSection
	GlobalSection(ProjectConfigurationPlatforms) = postSolution
		{BBE0D16C-B0F9-4FCA-B473-7C343F601641}.Debug|x64.ActiveCfg = Debug|x64
		{BBE0D16C-B0F9-4FCA-B473-7C343F601641}.Debug|x64.Build.0 = Debug|x64
		{BBE0D16C-B0F9-4FCA-B473-7C343F601641}.Debug|x86.ActiveCfg = Debug|Win32
		{BBE0D16C-B0F9-4FCA-B473-7C343F601641}.Debug|x86.Build.0 = Debug|Win32
		{BBE0D16C-B0F9-4FCA-B473-7C343F601641}.Release|x64.ActiveCfg = Release|x64
		{BBE0D16C-B0F9-4FCA-B473-7C343F601641}.Release|x64.Build.0 = Release|x64
		{BBE0D16C-B0F9-4FCA-B473-7C343F601641}.Release|x86.ActiveCfg = Release|Win32
		{BBE0D16C-B0F9-4FCA-B473-7C343F601641}.Release|x86.Build.0 = Release|Win32
	EndGlobalSection
	GlobalSection(SolutionProperties) = preSolution
		HideSolutionNode = FALSE
	EndGlobalSection
	GlobalSection(ExtensibilityGlobals) = postSolution
		SolutionGuid = {F0F196B5-32FE-42DD-B5E9-7A81865A03F7}
	EndGlobalSection
EndGlobal
