
Microsoft Visual Studio Solution File, Format Version 12.00
# Visual Studio Version 16
VisualStudioVersion = 16.0.31424.327
MinimumVisualStudioVersion = 10.0.40219.1
Project("{8BC9CEB8-8B4A-11D0-8D11-00A0C91BC942}") = "Substraction_Of_Two_Matrices_Using_DMA", "Substraction_Of_Two_Matrices_Using_DMA\Substraction_Of_Two_Matrices_Using_DMA.vcxproj", "{3E1B2EAE-217F-4311-B47C-489E75B58A21}"
EndProject
Global
	GlobalSection(SolutionConfigurationPlatforms) = preSolution
		Debug|x64 = Debug|x64
		Debug|x86 = Debug|x86
		Release|x64 = Release|x64
		Release|x86 = Release|x86
	EndGlobalSection
	GlobalSection(ProjectConfigurationPlatforms) = postSolution
		{3E1B2EAE-217F-4311-B47C-489E75B58A21}.Debug|x64.ActiveCfg = Debug|x64
		{3E1B2EAE-217F-4311-B47C-489E75B58A21}.Debug|x64.Build.0 = Debug|x64
		{3E1B2EAE-217F-4311-B47C-489E75B58A21}.Debug|x86.ActiveCfg = Debug|Win32
		{3E1B2EAE-217F-4311-B47C-489E75B58A21}.Debug|x86.Build.0 = Debug|Win32
		{3E1B2EAE-217F-4311-B47C-489E75B58A21}.Release|x64.ActiveCfg = Release|x64
		{3E1B2EAE-217F-4311-B47C-489E75B58A21}.Release|x64.Build.0 = Release|x64
		{3E1B2EAE-217F-4311-B47C-489E75B58A21}.Release|x86.ActiveCfg = Release|Win32
		{3E1B2EAE-217F-4311-B47C-489E75B58A21}.Release|x86.Build.0 = Release|Win32
	EndGlobalSection
	GlobalSection(SolutionProperties) = preSolution
		HideSolutionNode = FALSE
	EndGlobalSection
	GlobalSection(ExtensibilityGlobals) = postSolution
		SolutionGuid = {3F96B1E0-2908-4E05-992C-3043AE907536}
	EndGlobalSection
EndGlobal
